
Microsoft Visual Studio Solution File, Format Version 12.00
# Visual Studio Version 17
VisualStudioVersion = 17.5.33627.172
MinimumVisualStudioVersion = 10.0.40219.1
Project("{FAE04EC0-301F-11D3-BF4B-00C04F79EFBC}") = "InterfacesCS", "InterfacesCS\InterfacesCS.csproj", "{87384EC2-AA62-45CE-BD4D-C589C2F90B8C}"
EndProject
Global
	GlobalSection(SolutionConfigurationPlatforms) = preSolution
		Debug|Any CPU = Debug|Any CPU
		Release|Any CPU = Release|Any CPU
	EndGlobalSection
	GlobalSection(ProjectConfigurationPlatforms) = postSolution
		{87384EC2-AA62-45CE-BD4D-C589C2F90B8C}.Debug|Any CPU.ActiveCfg = Debug|Any CPU
		{87384EC2-AA62-45CE-BD4D-C589C2F90B8C}.Debug|Any CPU.Build.0 = Debug|Any CPU
		{87384EC2-AA62-45CE-BD4D-C589C2F90B8C}.Release|Any CPU.ActiveCfg = Release|Any CPU
		{87384EC2-AA62-45CE-BD4D-C589C2F90B8C}.Release|Any CPU.Build.0 = Release|Any CPU
	EndGlobalSection
	GlobalSection(SolutionProperties) = preSolution
		HideSolutionNode = FALSE
	EndGlobalSection
	GlobalSection(ExtensibilityGlobals) = postSolution
		SolutionGuid = {56739CC7-57C8-4D5C-B4AD-46BEDFE9D26E}
	EndGlobalSection
EndGlobal
